
Microsoft Visual Studio Solution File, Format Version 12.00
# Visual Studio 14
VisualStudioVersion = 14.0.25123.0
MinimumVisualStudioVersion = 10.0.40219.1
Project("{FAE04EC0-301F-11D3-BF4B-00C04F79EFBC}") = "AssistantApp", "AssistantApp\AssistantApp.csproj", "{FB433292-410D-4F14-81AA-5AED943CD7A7}"
EndProject
Project("{FAE04EC0-301F-11D3-BF4B-00C04F79EFBC}") = "AssistantApp.Data", "AssistantApp.Data\AssistantApp.Data.csproj", "{474CC4F0-AA98-49E8-AD08-03DB17EE69ED}"
EndProject
Global
	GlobalSection(SolutionConfigurationPlatforms) = preSolution
		Debug|Any CPU = Debug|Any CPU
		Debug|ARM = Debug|ARM
		Debug|x86 = Debug|x86
		Release|Any CPU = Release|Any CPU
		Release|ARM = Release|ARM
		Release|x86 = Release|x86
	EndGlobalSection
	GlobalSection(ProjectConfigurationPlatforms) = postSolution
		{FB433292-410D-4F14-81AA-5AED943CD7A7}.Debug|Any CPU.ActiveCfg = Debug|Any CPU
		{FB433292-410D-4F14-81AA-5AED943CD7A7}.Debug|Any CPU.Build.0 = Debug|Any CPU
		{FB433292-410D-4F14-81AA-5AED943CD7A7}.Debug|Any CPU.Deploy.0 = Debug|Any CPU
		{FB433292-410D-4F14-81AA-5AED943CD7A7}.Debug|ARM.ActiveCfg = Debug|ARM
		{FB433292-410D-4F14-81AA-5AED943CD7A7}.Debug|ARM.Build.0 = Debug|ARM
		{FB433292-410D-4F14-81AA-5AED943CD7A7}.Debug|ARM.Deploy.0 = Debug|ARM
		{FB433292-410D-4F14-81AA-5AED943CD7A7}.Debug|x86.ActiveCfg = Debug|x86
		{FB433292-410D-4F14-81AA-5AED943CD7A7}.Debug|x86.Build.0 = Debug|x86
		{FB433292-410D-4F14-81AA-5AED943CD7A7}.Debug|x86.Deploy.0 = Debug|x86
		{FB433292-410D-4F14-81AA-5AED943CD7A7}.Release|Any CPU.ActiveCfg = Release|Any CPU
		{FB433292-410D-4F14-81AA-5AED943CD7A7}.Release|Any CPU.Build.0 = Release|Any CPU
		{FB433292-410D-4F14-81AA-5AED943CD7A7}.Release|Any CPU.Deploy.0 = Release|Any CPU
		{FB433292-410D-4F14-81AA-5AED943CD7A7}.Release|ARM.ActiveCfg = Release|ARM
		{FB433292-410D-4F14-81AA-5AED943CD7A7}.Release|ARM.Build.0 = Release|ARM
		{FB433292-410D-4F14-81AA-5AED943CD7A7}.Release|ARM.Deploy.0 = Release|ARM
		{FB433292-410D-4F14-81AA-5AED943CD7A7}.Release|x86.ActiveCfg = Release|x86
		{FB433292-410D-4F14-81AA-5AED943CD7A7}.Release|x86.Build.0 = Release|x86
		{FB433292-410D-4F14-81AA-5AED943CD7A7}.Release|x86.Deploy.0 = Release|x86
		{474CC4F0-AA98-49E8-AD08-03DB17EE69ED}.Debug|Any CPU.ActiveCfg = Debug|Any CPU
		{474CC4F0-AA98-49E8-AD08-03DB17EE69ED}.Debug|Any CPU.Build.0 = Debug|Any CPU
		{474CC4F0-AA98-49E8-AD08-03DB17EE69ED}.Debug|ARM.ActiveCfg = Debug|ARM
		{474CC4F0-AA98-49E8-AD08-03DB17EE69ED}.Debug|ARM.Build.0 = Debug|ARM
		{474CC4F0-AA98-49E8-AD08-03DB17EE69ED}.Debug|x86.ActiveCfg = Debug|x86
		{474CC4F0-AA98-49E8-AD08-03DB17EE69ED}.Debug|x86.Build.0 = Debug|x86
		{474CC4F0-AA98-49E8-AD08-03DB17EE69ED}.Release|Any CPU.ActiveCfg = Release|Any CPU
		{474CC4F0-AA98-49E8-AD08-03DB17EE69ED}.Release|Any CPU.Build.0 = Release|Any CPU
		{474CC4F0-AA98-49E8-AD08-03DB17EE69ED}.Release|ARM.ActiveCfg = Release|ARM
		{474CC4F0-AA98-49E8-AD08-03DB17EE69ED}.Release|ARM.Build.0 = Release|ARM
		{474CC4F0-AA98-49E8-AD08-03DB17EE69ED}.Release|x86.ActiveCfg = Release|x86
		{474CC4F0-AA98-49E8-AD08-03DB17EE69ED}.Release|x86.Build.0 = Release|x86
	EndGlobalSection
	GlobalSection(SolutionProperties) = preSolution
		HideSolutionNode = FALSE
	EndGlobalSection
EndGlobal
